
Microsoft Visual Studio Solution File, Format Version 12.00
# Visual Studio Version 16
VisualStudioVersion = 16.0.28822.285
MinimumVisualStudioVersion = 10.0.40219.1
Project("{9A19103F-16F7-4668-BE54-9A1E7A4F7556}") = "Models", "Models\Models.csproj", "{69A28BE1-A7F2-405B-8E01-21336DA789D3}"
EndProject
Project("{9A19103F-16F7-4668-BE54-9A1E7A4F7556}") = "Quiz", "Quiz\Quiz.csproj", "{549C94A1-F5D9-4984-AC87-84FAF43EC89A}"
EndProject
Project("{9A19103F-16F7-4668-BE54-9A1E7A4F7556}") = "MWQuizTests", "MWQuizTests\MWQuizTests.csproj", "{AF6B6E9D-BA01-4B75-B49F-920AE847F1A0}"
EndProject
Project("{9A19103F-16F7-4668-BE54-9A1E7A4F7556}") = "Client", "Client\Client.csproj", "{60A0C047-C304-4E1C-8F32-0AE57AD3D359}"
EndProject
Project("{9A19103F-16F7-4668-BE54-9A1E7A4F7556}") = "Infrastructure", "Infrastructure\Infrastructure.csproj", "{71406C2A-EC73-4598-B781-1A5DEF3D50F6}"
EndProject
Project("{9A19103F-16F7-4668-BE54-9A1E7A4F7556}") = "FluentValidation.Blazor", "FluientValidation.Blazor\FluentValidation.Blazor.csproj", "{D717F937-42BE-4E9A-ABFC-F012C833D574}"
EndProject
Global
	GlobalSection(SolutionConfigurationPlatforms) = preSolution
		Debug|Any CPU = Debug|Any CPU
		Release|Any CPU = Release|Any CPU
	EndGlobalSection
	GlobalSection(ProjectConfigurationPlatforms) = postSolution
		{69A28BE1-A7F2-405B-8E01-21336DA789D3}.Debug|Any CPU.ActiveCfg = Debug|Any CPU
		{69A28BE1-A7F2-405B-8E01-21336DA789D3}.Debug|Any CPU.Build.0 = Debug|Any CPU
		{69A28BE1-A7F2-405B-8E01-21336DA789D3}.Release|Any CPU.ActiveCfg = Release|Any CPU
		{69A28BE1-A7F2-405B-8E01-21336DA789D3}.Release|Any CPU.Build.0 = Release|Any CPU
		{549C94A1-F5D9-4984-AC87-84FAF43EC89A}.Debug|Any CPU.ActiveCfg = Debug|Any CPU
		{549C94A1-F5D9-4984-AC87-84FAF43EC89A}.Debug|Any CPU.Build.0 = Debug|Any CPU
		{549C94A1-F5D9-4984-AC87-84FAF43EC89A}.Release|Any CPU.ActiveCfg = Release|Any CPU
		{549C94A1-F5D9-4984-AC87-84FAF43EC89A}.Release|Any CPU.Build.0 = Release|Any CPU
		{AF6B6E9D-BA01-4B75-B49F-920AE847F1A0}.Debug|Any CPU.ActiveCfg = Debug|Any CPU
		{AF6B6E9D-BA01-4B75-B49F-920AE847F1A0}.Debug|Any CPU.Build.0 = Debug|Any CPU
		{AF6B6E9D-BA01-4B75-B49F-920AE847F1A0}.Release|Any CPU.ActiveCfg = Release|Any CPU
		{AF6B6E9D-BA01-4B75-B49F-920AE847F1A0}.Release|Any CPU.Build.0 = Release|Any CPU
		{60A0C047-C304-4E1C-8F32-0AE57AD3D359}.Debug|Any CPU.ActiveCfg = Debug|Any CPU
		{60A0C047-C304-4E1C-8F32-0AE57AD3D359}.Debug|Any CPU.Build.0 = Debug|Any CPU
		{60A0C047-C304-4E1C-8F32-0AE57AD3D359}.Release|Any CPU.ActiveCfg = Release|Any CPU
		{60A0C047-C304-4E1C-8F32-0AE57AD3D359}.Release|Any CPU.Build.0 = Release|Any CPU
		{71406C2A-EC73-4598-B781-1A5DEF3D50F6}.Debug|Any CPU.ActiveCfg = Debug|Any CPU
		{71406C2A-EC73-4598-B781-1A5DEF3D50F6}.Debug|Any CPU.Build.0 = Debug|Any CPU
		{71406C2A-EC73-4598-B781-1A5DEF3D50F6}.Release|Any CPU.ActiveCfg = Release|Any CPU
		{71406C2A-EC73-4598-B781-1A5DEF3D50F6}.Release|Any CPU.Build.0 = Release|Any CPU
		{D717F937-42BE-4E9A-ABFC-F012C833D574}.Debug|Any CPU.ActiveCfg = Debug|Any CPU
		{D717F937-42BE-4E9A-ABFC-F012C833D574}.Debug|Any CPU.Build.0 = Debug|Any CPU
		{D717F937-42BE-4E9A-ABFC-F012C833D574}.Release|Any CPU.ActiveCfg = Release|Any CPU
		{D717F937-42BE-4E9A-ABFC-F012C833D574}.Release|Any CPU.Build.0 = Release|Any CPU
	EndGlobalSection
	GlobalSection(SolutionProperties) = preSolution
		HideSolutionNode = FALSE
	EndGlobalSection
	GlobalSection(ExtensibilityGlobals) = postSolution
		SolutionGuid = {3A954705-91ED-449A-93C7-0B6A34C4496B}
	EndGlobalSection
EndGlobal
